
Microsoft Visual Studio Solution File, Format Version 12.00
# Visual Studio Version 16
VisualStudioVersion = 16.0.31019.35
MinimumVisualStudioVersion = 15.0.26124.0
Project("{FAE04EC0-301F-11D3-BF4B-00C04F79EFBC}") = "RealEstateAgency.Domain", "src\RealEstateAgency.Domain\RealEstateAgency.Domain.csproj", "{6EB6EAE9-0652-46DD-A15D-BD46506B079A}"
EndProject
Project("{FAE04EC0-301F-11D3-BF4B-00C04F79EFBC}") = "RealEstateAgency.Core", "src\RealEstateAgency.Core\RealEstateAgency.Core.csproj", "{48FA3141-7DFC-4749-AD96-526E10F8AB79}"
EndProject
Global
	GlobalSection(SolutionConfigurationPlatforms) = preSolution
		Debug|Any CPU = Debug|Any CPU
		Debug|x64 = Debug|x64
		Debug|x86 = Debug|x86
		Release|Any CPU = Release|Any CPU
		Release|x64 = Release|x64
		Release|x86 = Release|x86
	EndGlobalSection
	GlobalSection(ProjectConfigurationPlatforms) = postSolution
		{6EB6EAE9-0652-46DD-A15D-BD46506B079A}.Debug|Any CPU.ActiveCfg = Debug|Any CPU
		{6EB6EAE9-0652-46DD-A15D-BD46506B079A}.Debug|Any CPU.Build.0 = Debug|Any CPU
		{6EB6EAE9-0652-46DD-A15D-BD46506B079A}.Debug|x64.ActiveCfg = Debug|Any CPU
		{6EB6EAE9-0652-46DD-A15D-BD46506B079A}.Debug|x64.Build.0 = Debug|Any CPU
		{6EB6EAE9-0652-46DD-A15D-BD46506B079A}.Debug|x86.ActiveCfg = Debug|Any CPU
		{6EB6EAE9-0652-46DD-A15D-BD46506B079A}.Debug|x86.Build.0 = Debug|Any CPU
		{6EB6EAE9-0652-46DD-A15D-BD46506B079A}.Release|Any CPU.ActiveCfg = Release|Any CPU
		{6EB6EAE9-0652-46DD-A15D-BD46506B079A}.Release|Any CPU.Build.0 = Release|Any CPU
		{6EB6EAE9-0652-46DD-A15D-BD46506B079A}.Release|x64.ActiveCfg = Release|Any CPU
		{6EB6EAE9-0652-46DD-A15D-BD46506B079A}.Release|x64.Build.0 = Release|Any CPU
		{6EB6EAE9-0652-46DD-A15D-BD46506B079A}.Release|x86.ActiveCfg = Release|Any CPU
		{6EB6EAE9-0652-46DD-A15D-BD46506B079A}.Release|x86.Build.0 = Release|Any CPU
		{48FA3141-7DFC-4749-AD96-526E10F8AB79}.Debug|Any CPU.ActiveCfg = Debug|Any CPU
		{48FA3141-7DFC-4749-AD96-526E10F8AB79}.Debug|Any CPU.Build.0 = Debug|Any CPU
		{48FA3141-7DFC-4749-AD96-526E10F8AB79}.Debug|x64.ActiveCfg = Debug|Any CPU
		{48FA3141-7DFC-4749-AD96-526E10F8AB79}.Debug|x64.Build.0 = Debug|Any CPU
		{48FA3141-7DFC-4749-AD96-526E10F8AB79}.Debug|x86.ActiveCfg = Debug|Any CPU
		{48FA3141-7DFC-4749-AD96-526E10F8AB79}.Debug|x86.Build.0 = Debug|Any CPU
		{48FA3141-7DFC-4749-AD96-526E10F8AB79}.Release|Any CPU.ActiveCfg = Release|Any CPU
		{48FA3141-7DFC-4749-AD96-526E10F8AB79}.Release|Any CPU.Build.0 = Release|Any CPU
		{48FA3141-7DFC-4749-AD96-526E10F8AB79}.Release|x64.ActiveCfg = Release|Any CPU
		{48FA3141-7DFC-4749-AD96-526E10F8AB79}.Release|x64.Build.0 = Release|Any CPU
		{48FA3141-7DFC-4749-AD96-526E10F8AB79}.Release|x86.ActiveCfg = Release|Any CPU
		{48FA3141-7DFC-4749-AD96-526E10F8AB79}.Release|x86.Build.0 = Release|Any CPU
	EndGlobalSection
	GlobalSection(SolutionProperties) = preSolution
		HideSolutionNode = FALSE
	EndGlobalSection
	GlobalSection(ExtensibilityGlobals) = postSolution
		SolutionGuid = {810FFA53-9E66-4E16-939D-27C632B44F30}
	EndGlobalSection
EndGlobal
